<?xml version="1.0" encoding="utf-8"?>
<Project ToolsVersion="4.0" xmlns="http://schemas.microsoft.com/developer/msbuild/2003">
  <ItemGroup>
    <Filter Include="ソース ファイル">
      <UniqueIdentifier>{4FC737F1-C7A5-4376-A066-2A32D752A2FF}</UniqueIdentifier>
      <Extensions>cpp;c;cc;cxx;def;odl;idl;hpj;bat;asm;asmx</Extensions>
    </Filter>
    <Filter Include="ヘッダー ファイル">
      <UniqueIdentifier>{93995380-89BD-4b04-88EB-625FBE52EBFB}</UniqueIdentifier>
      <Extensions>h;hh;hpp;hxx;hm;inl;inc;ipp;xsd</Extensions>
    </Filter>
    <Filter Include="リソース ファイル">
      <UniqueIdentifier>{67DA6AB6-F800-4c08-8B7A-83BB121AAD01}</UniqueIdentifier>
      <Extensions>rc;ico;cur;bmp;dlg;rc2;rct;bin;rgs;gif;jpg;jpeg;jpe;resx;tiff;tif;png;wav;mfcribbon-ms</Extensions>
    </Filter>
    <Filter Include="Window">
      <UniqueIdentifier>{661b9535-325b-4793-a963-3626a2b614ee}</UniqueIdentifier>
    </Filter>
    <Filter Include="Device">
      <UniqueIdentifier>{69f42739-21c3-447c-9eba-0f488828fe92}</UniqueIdentifier>
    </Filter>
    <Filter Include="CommandQueue">
      <UniqueIdentifier>{3e283932-a487-4c66-a08d-347edae56c2f}</UniqueIdentifier>
    </Filter>
    <Filter Include="CommandAllocator">
      <UniqueIdentifier>{37d12999-3ed5-4895-b168-56a57b487fa6}</UniqueIdentifier>
    </Filter>
    <Filter Include="CommandList">
      <UniqueIdentifier>{1788e318-1a69-4a97-9f5b-3dd2fa707ffc}</UniqueIdentifier>
    </Filter>
    <Filter Include="Fence">
      <UniqueIdentifier>{a6718224-f5dd-4487-9fae-012ac8f59106}</UniqueIdentifier>
    </Filter>
    <Filter Include="SwapChain">
      <UniqueIdentifier>{30273fa6-cb62-4b8b-9946-b13ab6a60482}</UniqueIdentifier>
    </Filter>
    <Filter Include="Descriptor">
      <UniqueIdentifier>{b4d52da4-3c68-4490-9513-486eeb9b37d3}</UniqueIdentifier>
    </Filter>
    <Filter Include="Descriptor\RenderTargetView">
      <UniqueIdentifier>{fadd5f47-f838-4e86-bfa5-88257f6816e5}</UniqueIdentifier>
    </Filter>
    <Filter Include="Descriptor\Primitive">
      <UniqueIdentifier>{825621b4-9dbf-40d5-92f8-430fc1675b49}</UniqueIdentifier>
    </Filter>
    <Filter Include="Descriptor\Acceleration">
      <UniqueIdentifier>{54553725-5678-4392-a3d1-ce0b6398bc8e}</UniqueIdentifier>
    </Filter>
    <Filter Include="RootSignature">
      <UniqueIdentifier>{941aaed0-7dbb-4af0-bcf6-4279fb28aae6}</UniqueIdentifier>
    </Filter>
    <Filter Include="Func">
      <UniqueIdentifier>{c8d93d9c-4a0a-437d-be7f-26d256921d4d}</UniqueIdentifier>
    </Filter>
  </ItemGroup>
  <ItemGroup>
    <ClCompile Include="Main.cpp">
      <Filter>ソース ファイル</Filter>
    </ClCompile>
    <ClCompile Include="DXR\Window\Window.cpp">
      <Filter>Window</Filter>
    </ClCompile>
    <ClCompile Include="DXR\Device\Device.cpp">
      <Filter>Device</Filter>
    </ClCompile>
    <ClCompile Include="DXR\Queue\Queue.cpp">
      <Filter>CommandQueue</Filter>
    </ClCompile>
    <ClCompile Include="DXR\Allocator\Allocator.cpp">
      <Filter>CommandAllocator</Filter>
    </ClCompile>
    <ClCompile Include="DXR\List\List.cpp">
      <Filter>CommandList</Filter>
    </ClCompile>
    <ClCompile Include="DXR\Fence\Fence.cpp">
      <Filter>Fence</Filter>
    </ClCompile>
    <ClCompile Include="DXR\Swap\Swap.cpp">
      <Filter>SwapChain</Filter>
    </ClCompile>
    <ClCompile Include="DXR\Descriptor\Descriptor.cpp">
      <Filter>Descriptor</Filter>
    </ClCompile>
    <ClCompile Include="DXR\Descriptor\Render\Render.cpp">
      <Filter>Descriptor\RenderTargetView</Filter>
    </ClCompile>
    <ClCompile Include="DXR\Descriptor\Primitive\Primitive.cpp">
      <Filter>Descriptor\Primitive</Filter>
    </ClCompile>
    <ClCompile Include="DXR\Descriptor\Acceleration\Acceleration.cpp">
      <Filter>Descriptor\Acceleration</Filter>
    </ClCompile>
    <ClCompile Include="DXR\Root\Root.cpp">
      <Filter>RootSignature</Filter>
    </ClCompile>
    <ClCompile Include="DXR\Func\Func.cpp">
      <Filter>Func</Filter>
    </ClCompile>
  </ItemGroup>
  <ItemGroup>
    <ClInclude Include="DXR\Window\Window.h">
      <Filter>Window</Filter>
    </ClInclude>
    <ClInclude Include="DXR\Vector.h">
      <Filter>ヘッダー ファイル</Filter>
    </ClInclude>
    <ClInclude Include="DXR\Device\Device.h">
      <Filter>Device</Filter>
    </ClInclude>
    <ClInclude Include="DXR\Queue\Queue.h">
      <Filter>CommandQueue</Filter>
    </ClInclude>
    <ClInclude Include="DXR\Information.h">
      <Filter>ヘッダー ファイル</Filter>
    </ClInclude>
    <ClInclude Include="DXR\Allocator\Allocator.h">
      <Filter>CommandAllocator</Filter>
    </ClInclude>
    <ClInclude Include="DXR\List\List.h">
      <Filter>CommandList</Filter>
    </ClInclude>
    <ClInclude Include="DXR\Fence\Fence.h">
      <Filter>Fence</Filter>
    </ClInclude>
    <ClInclude Include="DXR\Swap\Swap.h">
      <Filter>SwapChain</Filter>
    </ClInclude>
    <ClInclude Include="DXR\Descriptor\Descriptor.h">
      <Filter>Descriptor</Filter>
    </ClInclude>
    <ClInclude Include="DXR\Descriptor\Render\Render.h">
      <Filter>Descriptor\RenderTargetView</Filter>
    </ClInclude>
    <ClInclude Include="DXR\Descriptor\Primitive\Primitive.h">
      <Filter>Descriptor\Primitive</Filter>
    </ClInclude>
    <ClInclude Include="DXR\Descriptor\Acceleration\Acceleration.h">
      <Filter>Descriptor\Acceleration</Filter>
    </ClInclude>
    <ClInclude Include="DXR\Matrix.h">
      <Filter>ヘッダー ファイル</Filter>
    </ClInclude>
    <ClInclude Include="DXR\Root\Root.h">
      <Filter>RootSignature</Filter>
    </ClInclude>
    <ClInclude Include="DXR\Func\Func.h">
      <Filter>Func</Filter>
    </ClInclude>
  </ItemGroup>
</Project>