<?xml version="1.0" encoding="utf-8"?>
<Project ToolsVersion="4.0" xmlns="http://schemas.microsoft.com/developer/msbuild/2003">
  <ItemGroup>
    <Filter Include="ソース ファイル">
      <UniqueIdentifier>{4FC737F1-C7A5-4376-A066-2A32D752A2FF}</UniqueIdentifier>
      <Extensions>cpp;c;cc;cxx;def;odl;idl;hpj;bat;asm;asmx</Extensions>
    </Filter>
    <Filter Include="ヘッダー ファイル">
      <UniqueIdentifier>{93995380-89BD-4b04-88EB-625FBE52EBFB}</UniqueIdentifier>
      <Extensions>h;hh;hpp;hxx;hm;inl;inc;ipp;xsd</Extensions>
    </Filter>
    <Filter Include="リソース ファイル">
      <UniqueIdentifier>{67DA6AB6-F800-4c08-8B7A-83BB121AAD01}</UniqueIdentifier>
      <Extensions>rc;ico;cur;bmp;dlg;rc2;rct;bin;rgs;gif;jpg;jpeg;jpe;resx;tiff;tif;png;wav;mfcribbon-ms</Extensions>
    </Filter>
    <Filter Include="Device">
      <UniqueIdentifier>{759f6357-583a-463a-bf4a-f5bcc302496b}</UniqueIdentifier>
    </Filter>
    <Filter Include="Window">
      <UniqueIdentifier>{42c1a8e0-46e4-4882-9dfa-cdeedae9a9ea}</UniqueIdentifier>
    </Filter>
    <Filter Include="CommandQueue">
      <UniqueIdentifier>{423916b8-78db-4ddf-b5f4-9fefda6e5834}</UniqueIdentifier>
    </Filter>
    <Filter Include="CommandList">
      <UniqueIdentifier>{662cfc83-b854-4119-8793-a54992660823}</UniqueIdentifier>
    </Filter>
    <Filter Include="CommandAllocator">
      <UniqueIdentifier>{b9f0628d-f43f-4269-8d42-87df3e0e299e}</UniqueIdentifier>
    </Filter>
    <Filter Include="SwapChain">
      <UniqueIdentifier>{c34984ae-29c9-413d-aa7a-156f7a015ec5}</UniqueIdentifier>
    </Filter>
    <Filter Include="Descriptor">
      <UniqueIdentifier>{afa07beb-f654-4b9c-a3dd-ab944b6ae878}</UniqueIdentifier>
    </Filter>
    <Filter Include="Descriptor\RenderTargetView">
      <UniqueIdentifier>{00933fd9-8e6c-466d-b680-f18828503eb8}</UniqueIdentifier>
    </Filter>
    <Filter Include="Fence">
      <UniqueIdentifier>{4eb30a27-6864-455c-8aa7-e452b35c5211}</UniqueIdentifier>
    </Filter>
    <Filter Include="Descriptor\Acceleration">
      <UniqueIdentifier>{2694d235-09cf-4280-8e05-c7825435bc62}</UniqueIdentifier>
    </Filter>
    <Filter Include="Descriptor\Primitive">
      <UniqueIdentifier>{56071c67-1130-4034-a8c1-c8ceaf6fbd0c}</UniqueIdentifier>
    </Filter>
    <Filter Include="SubObject">
      <UniqueIdentifier>{789641a7-aba1-466f-8c60-2d59a11e3bca}</UniqueIdentifier>
    </Filter>
    <Filter Include="Function">
      <UniqueIdentifier>{4d0fb1f5-e9f5-4282-bbb6-e616b0276a6e}</UniqueIdentifier>
    </Filter>
    <Filter Include="PipeLine">
      <UniqueIdentifier>{038cecc0-620f-4743-8624-efe6353488c0}</UniqueIdentifier>
    </Filter>
    <Filter Include="Descriptor\ShaderTbl">
      <UniqueIdentifier>{0af1bdb5-17f3-450d-b287-39f3d30a7d10}</UniqueIdentifier>
    </Filter>
    <Filter Include="Descriptor\Output">
      <UniqueIdentifier>{698f7260-7c30-4874-8ae4-57def31c2b68}</UniqueIdentifier>
    </Filter>
    <Filter Include="SubObject\ShaderLibrary">
      <UniqueIdentifier>{fbd9ba90-d380-4169-8e7a-e1bb6ab7e6fe}</UniqueIdentifier>
    </Filter>
    <Filter Include="SubObject\HitGroup">
      <UniqueIdentifier>{e8e66c0d-3e80-4fb2-8128-d419b53f0554}</UniqueIdentifier>
    </Filter>
    <Filter Include="SubObject\Association">
      <UniqueIdentifier>{5e4c6ce0-8509-4495-bbcb-e5f93f09aba0}</UniqueIdentifier>
    </Filter>
    <Filter Include="SubObject\RootSignature">
      <UniqueIdentifier>{55430817-74da-4d37-93d6-0d4f96d27ce8}</UniqueIdentifier>
    </Filter>
    <Filter Include="SubObject\ShaderConfig">
      <UniqueIdentifier>{bc06c768-8d7c-4390-b90b-50fd991b2707}</UniqueIdentifier>
    </Filter>
    <Filter Include="SubObject\PipeLineConfig">
      <UniqueIdentifier>{3eb63b50-7e2b-4a62-bf86-03b5af86c31b}</UniqueIdentifier>
    </Filter>
  </ItemGroup>
  <ItemGroup>
    <ClCompile Include="Main.cpp">
      <Filter>ソース ファイル</Filter>
    </ClCompile>
    <ClCompile Include="Device\Device.cpp">
      <Filter>Device</Filter>
    </ClCompile>
    <ClCompile Include="Window\Window.cpp">
      <Filter>Window</Filter>
    </ClCompile>
    <ClCompile Include="Queue\Queue.cpp">
      <Filter>CommandQueue</Filter>
    </ClCompile>
    <ClCompile Include="List\List.cpp">
      <Filter>CommandList</Filter>
    </ClCompile>
    <ClCompile Include="Allocator\Allocator.cpp">
      <Filter>CommandAllocator</Filter>
    </ClCompile>
    <ClCompile Include="Swap\Swap.cpp">
      <Filter>SwapChain</Filter>
    </ClCompile>
    <ClCompile Include="Descriptor\Descriptor.cpp">
      <Filter>Descriptor</Filter>
    </ClCompile>
    <ClCompile Include="Descriptor\Render\Render.cpp">
      <Filter>Descriptor\RenderTargetView</Filter>
    </ClCompile>
    <ClCompile Include="Fence\Fence.cpp">
      <Filter>Fence</Filter>
    </ClCompile>
    <ClCompile Include="Descriptor\Acceleration\Acceleration.cpp">
      <Filter>Descriptor\Acceleration</Filter>
    </ClCompile>
    <ClCompile Include="Descriptor\Primitive\Primitive.cpp">
      <Filter>Descriptor\Primitive</Filter>
    </ClCompile>
    <ClCompile Include="Func\Func.cpp">
      <Filter>Function</Filter>
    </ClCompile>
    <ClCompile Include="Pipe\Pipe.cpp">
      <Filter>PipeLine</Filter>
    </ClCompile>
    <ClCompile Include="Descriptor\ShaderTbl\ShaderTbl.cpp">
      <Filter>Descriptor\ShaderTbl</Filter>
    </ClCompile>
    <ClCompile Include="Descriptor\Output\Output.cpp">
      <Filter>Descriptor\Output</Filter>
    </ClCompile>
    <ClCompile Include="SubObj\SubObj.cpp">
      <Filter>SubObject</Filter>
    </ClCompile>
    <ClCompile Include="SubObj\ShaderLibrary\ShaderLibrary.cpp">
      <Filter>SubObject\ShaderLibrary</Filter>
    </ClCompile>
    <ClCompile Include="SubObj\HitGroup\HitGroup.cpp">
      <Filter>SubObject\HitGroup</Filter>
    </ClCompile>
    <ClCompile Include="SubObj\Association\Association.cpp">
      <Filter>SubObject\Association</Filter>
    </ClCompile>
    <ClCompile Include="SubObj\Root\Root.cpp">
      <Filter>SubObject\RootSignature</Filter>
    </ClCompile>
    <ClCompile Include="SubObj\ShaderConfig\ShaderConfig.cpp">
      <Filter>SubObject\ShaderConfig</Filter>
    </ClCompile>
    <ClCompile Include="SubObj\PipeConfig\PipeConfig.cpp">
      <Filter>SubObject\PipeLineConfig</Filter>
    </ClCompile>
  </ItemGroup>
  <ItemGroup>
    <ClInclude Include="Device\Device.h">
      <Filter>Device</Filter>
    </ClInclude>
    <ClInclude Include="Window\Window.h">
      <Filter>Window</Filter>
    </ClInclude>
    <ClInclude Include="Vector.h">
      <Filter>ヘッダー ファイル</Filter>
    </ClInclude>
    <ClInclude Include="Queue\Queue.h">
      <Filter>CommandQueue</Filter>
    </ClInclude>
    <ClInclude Include="Info.h">
      <Filter>ヘッダー ファイル</Filter>
    </ClInclude>
    <ClInclude Include="List\List.h">
      <Filter>CommandList</Filter>
    </ClInclude>
    <ClInclude Include="Allocator\Allocator.h">
      <Filter>CommandAllocator</Filter>
    </ClInclude>
    <ClInclude Include="Swap\Swap.h">
      <Filter>SwapChain</Filter>
    </ClInclude>
    <ClInclude Include="Descriptor\Descriptor.h">
      <Filter>Descriptor</Filter>
    </ClInclude>
    <ClInclude Include="Descriptor\Render\Render.h">
      <Filter>Descriptor\RenderTargetView</Filter>
    </ClInclude>
    <ClInclude Include="Fence\Fence.h">
      <Filter>Fence</Filter>
    </ClInclude>
    <ClInclude Include="Descriptor\Acceleration\Acceleration.h">
      <Filter>Descriptor\Acceleration</Filter>
    </ClInclude>
    <ClInclude Include="Descriptor\Primitive\Primitive.h">
      <Filter>Descriptor\Primitive</Filter>
    </ClInclude>
    <ClInclude Include="Matrix.h">
      <Filter>ヘッダー ファイル</Filter>
    </ClInclude>
    <ClInclude Include="Func\Func.h">
      <Filter>Function</Filter>
    </ClInclude>
    <ClInclude Include="Pipe\Pipe.h">
      <Filter>PipeLine</Filter>
    </ClInclude>
    <ClInclude Include="Descriptor\ShaderTbl\ShaderTbl.h">
      <Filter>Descriptor\ShaderTbl</Filter>
    </ClInclude>
    <ClInclude Include="Descriptor\Output\Output.h">
      <Filter>Descriptor\Output</Filter>
    </ClInclude>
    <ClInclude Include="SubObj\SubObj.h">
      <Filter>SubObject</Filter>
    </ClInclude>
    <ClInclude Include="SubObj\ShaderLibrary\ShaderLibrary.h">
      <Filter>SubObject\ShaderLibrary</Filter>
    </ClInclude>
    <ClInclude Include="SubObj\HitGroup\HitGroup.h">
      <Filter>SubObject\HitGroup</Filter>
    </ClInclude>
    <ClInclude Include="SubObj\Association\Association.h">
      <Filter>SubObject\Association</Filter>
    </ClInclude>
    <ClInclude Include="SubObj\Root\Root.h">
      <Filter>SubObject\RootSignature</Filter>
    </ClInclude>
    <ClInclude Include="SubObj\ShaderConfig\ShaderConfig.h">
      <Filter>SubObject\ShaderConfig</Filter>
    </ClInclude>
    <ClInclude Include="SubObj\PipeConfig\PipeConfig.h">
      <Filter>SubObject\PipeLineConfig</Filter>
    </ClInclude>
  </ItemGroup>
  <ItemGroup>
    <FxCompile Include="Shader\test.hlsl">
      <Filter>リソース ファイル</Filter>
    </FxCompile>
  </ItemGroup>
</Project>